
Microsoft Visual Studio Solution File, Format Version 12.00
# Visual Studio Version 17
VisualStudioVersion = 17.8.34525.116
MinimumVisualStudioVersion = 10.0.40219.1
Project("{FAE04EC0-301F-11D3-BF4B-00C04F79EFBC}") = "AdPlacements.Api", "AdPlacements.Api\AdPlacements.Api.csproj", "{BA00E981-42F2-486F-91C0-C3CD9A48DD90}"
EndProject
Project("{FAE04EC0-301F-11D3-BF4B-00C04F79EFBC}") = "AdPlacements.Domain", "AdPlacements.Domain\AdPlacements.Domain.csproj", "{5FDAB042-06DB-444F-BD05-526EA70AA932}"
EndProject
Project("{FAE04EC0-301F-11D3-BF4B-00C04F79EFBC}") = "AdPlacements.Application", "AdPlacements.Application\AdPlacements.Application.csproj", "{2FFEDD64-B9FB-4A95-9718-80E64161FAFB}"
EndProject
Project("{FAE04EC0-301F-11D3-BF4B-00C04F79EFBC}") = "AdPlacements.Infrastructure", "AdPlacements.Infrastructure\AdPlacements.Infrastructure.csproj", "{C09F6FC0-8189-4B36-8B33-409EA5C91D66}"
EndProject
Project("{2150E333-8FDC-42A3-9474-1A3956D46DE8}") = "src", "src", "{EA9F747E-60C0-45E0-944F-C946D0991844}"
EndProject
Project("{2150E333-8FDC-42A3-9474-1A3956D46DE8}") = "test", "test", "{02690614-BBBC-41F1-ACF9-6EA82FECBF79}"
EndProject
Project("{FAE04EC0-301F-11D3-BF4B-00C04F79EFBC}") = "AdPlacements.Tests", "AdPlacements.Tests\AdPlacements.Tests.csproj", "{DD53E847-F5E0-465A-9BFC-D6316B2B5D12}"
EndProject
Global
	GlobalSection(SolutionConfigurationPlatforms) = preSolution
		Debug|Any CPU = Debug|Any CPU
		Release|Any CPU = Release|Any CPU
	EndGlobalSection
	GlobalSection(ProjectConfigurationPlatforms) = postSolution
		{BA00E981-42F2-486F-91C0-C3CD9A48DD90}.Debug|Any CPU.ActiveCfg = Debug|Any CPU
		{BA00E981-42F2-486F-91C0-C3CD9A48DD90}.Debug|Any CPU.Build.0 = Debug|Any CPU
		{BA00E981-42F2-486F-91C0-C3CD9A48DD90}.Release|Any CPU.ActiveCfg = Release|Any CPU
		{BA00E981-42F2-486F-91C0-C3CD9A48DD90}.Release|Any CPU.Build.0 = Release|Any CPU
		{5FDAB042-06DB-444F-BD05-526EA70AA932}.Debug|Any CPU.ActiveCfg = Debug|Any CPU
		{5FDAB042-06DB-444F-BD05-526EA70AA932}.Debug|Any CPU.Build.0 = Debug|Any CPU
		{5FDAB042-06DB-444F-BD05-526EA70AA932}.Release|Any CPU.ActiveCfg = Release|Any CPU
		{5FDAB042-06DB-444F-BD05-526EA70AA932}.Release|Any CPU.Build.0 = Release|Any CPU
		{2FFEDD64-B9FB-4A95-9718-80E64161FAFB}.Debug|Any CPU.ActiveCfg = Debug|Any CPU
		{2FFEDD64-B9FB-4A95-9718-80E64161FAFB}.Debug|Any CPU.Build.0 = Debug|Any CPU
		{2FFEDD64-B9FB-4A95-9718-80E64161FAFB}.Release|Any CPU.ActiveCfg = Release|Any CPU
		{2FFEDD64-B9FB-4A95-9718-80E64161FAFB}.Release|Any CPU.Build.0 = Release|Any CPU
		{C09F6FC0-8189-4B36-8B33-409EA5C91D66}.Debug|Any CPU.ActiveCfg = Debug|Any CPU
		{C09F6FC0-8189-4B36-8B33-409EA5C91D66}.Debug|Any CPU.Build.0 = Debug|Any CPU
		{C09F6FC0-8189-4B36-8B33-409EA5C91D66}.Release|Any CPU.ActiveCfg = Release|Any CPU
		{C09F6FC0-8189-4B36-8B33-409EA5C91D66}.Release|Any CPU.Build.0 = Release|Any CPU
		{DD53E847-F5E0-465A-9BFC-D6316B2B5D12}.Debug|Any CPU.ActiveCfg = Debug|Any CPU
		{DD53E847-F5E0-465A-9BFC-D6316B2B5D12}.Debug|Any CPU.Build.0 = Debug|Any CPU
		{DD53E847-F5E0-465A-9BFC-D6316B2B5D12}.Release|Any CPU.ActiveCfg = Release|Any CPU
		{DD53E847-F5E0-465A-9BFC-D6316B2B5D12}.Release|Any CPU.Build.0 = Release|Any CPU
	EndGlobalSection
	GlobalSection(SolutionProperties) = preSolution
		HideSolutionNode = FALSE
	EndGlobalSection
	GlobalSection(NestedProjects) = preSolution
		{BA00E981-42F2-486F-91C0-C3CD9A48DD90} = {EA9F747E-60C0-45E0-944F-C946D0991844}
		{5FDAB042-06DB-444F-BD05-526EA70AA932} = {EA9F747E-60C0-45E0-944F-C946D0991844}
		{2FFEDD64-B9FB-4A95-9718-80E64161FAFB} = {EA9F747E-60C0-45E0-944F-C946D0991844}
		{C09F6FC0-8189-4B36-8B33-409EA5C91D66} = {EA9F747E-60C0-45E0-944F-C946D0991844}
		{DD53E847-F5E0-465A-9BFC-D6316B2B5D12} = {02690614-BBBC-41F1-ACF9-6EA82FECBF79}
	EndGlobalSection
	GlobalSection(ExtensibilityGlobals) = postSolution
		SolutionGuid = {C78E3E7A-9547-4B22-9AD3-3D49EF87821F}
	EndGlobalSection
EndGlobal
