
Microsoft Visual Studio Solution File, Format Version 12.00
# Visual Studio Version 17
VisualStudioVersion = 17.8.34525.116
MinimumVisualStudioVersion = 10.0.40219.1
Project("{FAE04EC0-301F-11D3-BF4B-00C04F79EFBC}") = "AdPlacements.Api", "AdPlacements.Api\AdPlacements.Api.csproj", "{BA00E981-42F2-486F-91C0-C3CD9A48DD90}"
EndProject
Project("{FAE04EC0-301F-11D3-BF4B-00C04F79EFBC}") = "AdPlacements.Domain", "AdPlacements.Domain\AdPlacements.Domain.csproj", "{5FDAB042-06DB-444F-BD05-526EA70AA932}"
EndProject
Global
	GlobalSection(SolutionConfigurationPlatforms) = preSolution
		Debug|Any CPU = Debug|Any CPU
		Release|Any CPU = Release|Any CPU
	EndGlobalSection
	GlobalSection(ProjectConfigurationPlatforms) = postSolution
		{BA00E981-42F2-486F-91C0-C3CD9A48DD90}.Debug|Any CPU.ActiveCfg = Debug|Any CPU
		{BA00E981-42F2-486F-91C0-C3CD9A48DD90}.Debug|Any CPU.Build.0 = Debug|Any CPU
		{BA00E981-42F2-486F-91C0-C3CD9A48DD90}.Release|Any CPU.ActiveCfg = Release|Any CPU
		{BA00E981-42F2-486F-91C0-C3CD9A48DD90}.Release|Any CPU.Build.0 = Release|Any CPU
		{5FDAB042-06DB-444F-BD05-526EA70AA932}.Debug|Any CPU.ActiveCfg = Debug|Any CPU
		{5FDAB042-06DB-444F-BD05-526EA70AA932}.Debug|Any CPU.Build.0 = Debug|Any CPU
		{5FDAB042-06DB-444F-BD05-526EA70AA932}.Release|Any CPU.ActiveCfg = Release|Any CPU
		{5FDAB042-06DB-444F-BD05-526EA70AA932}.Release|Any CPU.Build.0 = Release|Any CPU
	EndGlobalSection
	GlobalSection(SolutionProperties) = preSolution
		HideSolutionNode = FALSE
	EndGlobalSection
	GlobalSection(ExtensibilityGlobals) = postSolution
		SolutionGuid = {C78E3E7A-9547-4B22-9AD3-3D49EF87821F}
	EndGlobalSection
EndGlobal
